// !$*UTF8*$!
{
	archiveVersion = 1;
	classes = {
	};
	objectVersion = 56;
	objects = {

/* Begin PBXBuildFile section */
		841D75DA2C7F120200159EA1 /* SketchQuizViewController.swift in Sources */ = {isa = PBXBuildFile; fileRef = 841D75D92C7F120200159EA1 /* SketchQuizViewController.swift */; };
		841D75DC2C7F121200159EA1 /* SketchQuizViewModel.swift in Sources */ = {isa = PBXBuildFile; fileRef = 841D75DB2C7F121200159EA1 /* SketchQuizViewModel.swift */; };
		841D75DE2C7F121B00159EA1 /* SketchQuizView.swift in Sources */ = {isa = PBXBuildFile; fileRef = 841D75DD2C7F121B00159EA1 /* SketchQuizView.swift */; };
		841D75E02C7F3F6100159EA1 /* CommentCollectionViewCell.swift in Sources */ = {isa = PBXBuildFile; fileRef = 841D75DF2C7F3F6100159EA1 /* CommentCollectionViewCell.swift */; };
		841D75EA2C80674C00159EA1 /* UICollectionViewLayout+.swift in Sources */ = {isa = PBXBuildFile; fileRef = 841D75E92C80674C00159EA1 /* UICollectionViewLayout+.swift */; };
		841D75EC2C81860C00159EA1 /* UIImageView+.swift in Sources */ = {isa = PBXBuildFile; fileRef = 841D75EB2C81860C00159EA1 /* UIImageView+.swift */; };
		841D75EE2C82DFDF00159EA1 /* CatchSketchAlertController.swift in Sources */ = {isa = PBXBuildFile; fileRef = 841D75ED2C82DFDF00159EA1 /* CatchSketchAlertController.swift */; };
		841D75F02C84975100159EA1 /* Date+.swift in Sources */ = {isa = PBXBuildFile; fileRef = 841D75EF2C84975100159EA1 /* Date+.swift */; };
		84321E622C6DEEE000BA7FD7 /* AppDelegate.swift in Sources */ = {isa = PBXBuildFile; fileRef = 84321E612C6DEEE000BA7FD7 /* AppDelegate.swift */; };
		84321E642C6DEEE000BA7FD7 /* SceneDelegate.swift in Sources */ = {isa = PBXBuildFile; fileRef = 84321E632C6DEEE000BA7FD7 /* SceneDelegate.swift */; };
		84321E662C6DEEE000BA7FD7 /* SignUpView.swift in Sources */ = {isa = PBXBuildFile; fileRef = 84321E652C6DEEE000BA7FD7 /* SignUpView.swift */; };
		84321E6B2C6DEEE200BA7FD7 /* Assets.xcassets in Resources */ = {isa = PBXBuildFile; fileRef = 84321E6A2C6DEEE200BA7FD7 /* Assets.xcassets */; };
		84321E6E2C6DEEE200BA7FD7 /* Base in Resources */ = {isa = PBXBuildFile; fileRef = 84321E6D2C6DEEE200BA7FD7 /* Base */; };
		84321E762C6DEF3500BA7FD7 /* .gitignore in Resources */ = {isa = PBXBuildFile; fileRef = 84321E752C6DEF3500BA7FD7 /* .gitignore */; };
		84321E7E2C6DF41D00BA7FD7 /* NetworkService.swift in Sources */ = {isa = PBXBuildFile; fileRef = 84321E7D2C6DF41D00BA7FD7 /* NetworkService.swift */; };
		84321E802C6DF44200BA7FD7 /* APIAuth.swift in Sources */ = {isa = PBXBuildFile; fileRef = 84321E7F2C6DF44200BA7FD7 /* APIAuth.swift */; };
		84321E832C6E118600BA7FD7 /* Alamofire in Frameworks */ = {isa = PBXBuildFile; productRef = 84321E822C6E118600BA7FD7 /* Alamofire */; };
		84321E862C6E119A00BA7FD7 /* IQKeyboardManagerSwift in Frameworks */ = {isa = PBXBuildFile; productRef = 84321E852C6E119A00BA7FD7 /* IQKeyboardManagerSwift */; };
		84321E892C6E11A300BA7FD7 /* SnapKit in Frameworks */ = {isa = PBXBuildFile; productRef = 84321E882C6E11A300BA7FD7 /* SnapKit */; };
		84321E8C2C6E11AD00BA7FD7 /* Then in Frameworks */ = {isa = PBXBuildFile; productRef = 84321E8B2C6E11AD00BA7FD7 /* Then */; };
		84321E8F2C6E11EC00BA7FD7 /* RxCocoa in Frameworks */ = {isa = PBXBuildFile; productRef = 84321E8E2C6E11EC00BA7FD7 /* RxCocoa */; };
		84321E912C6E11EC00BA7FD7 /* RxSwift in Frameworks */ = {isa = PBXBuildFile; productRef = 84321E902C6E11EC00BA7FD7 /* RxSwift */; };
		84321E942C6E122D00BA7FD7 /* Toast in Frameworks */ = {isa = PBXBuildFile; productRef = 84321E932C6E122D00BA7FD7 /* Toast */; };
		84321E962C6E168D00BA7FD7 /* Router.swift in Sources */ = {isa = PBXBuildFile; fileRef = 84321E952C6E168D00BA7FD7 /* Router.swift */; };
		84321E982C6E16C000BA7FD7 /* TargetType.swift in Sources */ = {isa = PBXBuildFile; fileRef = 84321E972C6E16C000BA7FD7 /* TargetType.swift */; };
		84321E9D2C6E19C400BA7FD7 /* AuthQuery.swift in Sources */ = {isa = PBXBuildFile; fileRef = 84321E9C2C6E19C400BA7FD7 /* AuthQuery.swift */; };
		84321E9F2C6E1D9400BA7FD7 /* Header.swift in Sources */ = {isa = PBXBuildFile; fileRef = 84321E9E2C6E1D9400BA7FD7 /* Header.swift */; };
		84321EA22C6E1F7F00BA7FD7 /* UserDefaultsManager.swift in Sources */ = {isa = PBXBuildFile; fileRef = 84321EA12C6E1F7F00BA7FD7 /* UserDefaultsManager.swift */; };
		84321EA52C6F277600BA7FD7 /* JSONEncoder+.swift in Sources */ = {isa = PBXBuildFile; fileRef = 84321EA42C6F277600BA7FD7 /* JSONEncoder+.swift */; };
		84321EA92C6F4FC100BA7FD7 /* PostRequest.swift in Sources */ = {isa = PBXBuildFile; fileRef = 84321EA82C6F4FC100BA7FD7 /* PostRequest.swift */; };
		84321EAB2C6FC36400BA7FD7 /* Profile.swift in Sources */ = {isa = PBXBuildFile; fileRef = 84321EAA2C6FC36400BA7FD7 /* Profile.swift */; };
		84321EAE2C6FE19100BA7FD7 /* LogInResponse.swift in Sources */ = {isa = PBXBuildFile; fileRef = 84321EAD2C6FE19100BA7FD7 /* LogInResponse.swift */; };
		84B1C4C42C7360550017585A /* MainFeedCollectionViewCell.swift in Sources */ = {isa = PBXBuildFile; fileRef = 84B1C4C32C7360550017585A /* MainFeedCollectionViewCell.swift */; };
		84B1C4C72C73650C0017585A /* CatchSketchTabBarController.swift in Sources */ = {isa = PBXBuildFile; fileRef = 84B1C4C62C73650C0017585A /* CatchSketchTabBarController.swift */; };
		84B1C4C92C7368910017585A /* CatchSketchNavigationController.swift in Sources */ = {isa = PBXBuildFile; fileRef = 84B1C4C82C7368910017585A /* CatchSketchNavigationController.swift */; };
		84B1C4CC2C7368EA0017585A /* PostSketchViewController.swift in Sources */ = {isa = PBXBuildFile; fileRef = 84B1C4CB2C7368EA0017585A /* PostSketchViewController.swift */; };
		84B1C4CE2C7369030017585A /* PostSketchView.swift in Sources */ = {isa = PBXBuildFile; fileRef = 84B1C4CD2C7369030017585A /* PostSketchView.swift */; };
		84B1C4D12C73698C0017585A /* ProfileViewController.swift in Sources */ = {isa = PBXBuildFile; fileRef = 84B1C4D02C73698C0017585A /* ProfileViewController.swift */; };
		84B1C4D32C7369BA0017585A /* ProfileView.swift in Sources */ = {isa = PBXBuildFile; fileRef = 84B1C4D22C7369BA0017585A /* ProfileView.swift */; };
		84B1C4F92C74B4810017585A /* AccesToken.swift in Sources */ = {isa = PBXBuildFile; fileRef = 84B1C4F82C74B4810017585A /* AccesToken.swift */; };
		84B1C4FB2C7502B70017585A /* Reactive+.swift in Sources */ = {isa = PBXBuildFile; fileRef = 84B1C4FA2C7502B70017585A /* Reactive+.swift */; };
		84D940AA2C71CF5E0054773B /* SignUpViewController.swift in Sources */ = {isa = PBXBuildFile; fileRef = 84D940A92C71CF5E0054773B /* SignUpViewController.swift */; };
		84D940AD2C71CFBC0054773B /* LogInViewController.swift in Sources */ = {isa = PBXBuildFile; fileRef = 84D940AC2C71CFBC0054773B /* LogInViewController.swift */; };
		84D940AF2C71D1A50054773B /* LogInView.swift in Sources */ = {isa = PBXBuildFile; fileRef = 84D940AE2C71D1A50054773B /* LogInView.swift */; };
		84D940B42C71D1F10054773B /* BaseCollectionViewCell.swift in Sources */ = {isa = PBXBuildFile; fileRef = 84D940B02C71D1F10054773B /* BaseCollectionViewCell.swift */; };
		84D940B52C71D1F10054773B /* BaseView.swift in Sources */ = {isa = PBXBuildFile; fileRef = 84D940B12C71D1F10054773B /* BaseView.swift */; };
		84D940B62C71D1F10054773B /* BaseViewController.swift in Sources */ = {isa = PBXBuildFile; fileRef = 84D940B22C71D1F10054773B /* BaseViewController.swift */; };
		84D940BE2C71D2500054773B /* Constants + AssetColor.swift in Sources */ = {isa = PBXBuildFile; fileRef = 84D940B82C71D2500054773B /* Constants + AssetColor.swift */; };
		84D940BF2C71D2500054773B /* Constants + AssetImage.swift in Sources */ = {isa = PBXBuildFile; fileRef = 84D940B92C71D2500054773B /* Constants + AssetImage.swift */; };
		84D940C02C71D2500054773B /* Constants + Font.swift in Sources */ = {isa = PBXBuildFile; fileRef = 84D940BA2C71D2500054773B /* Constants + Font.swift */; };
		84D940C12C71D2500054773B /* Constants + Phrase.swift in Sources */ = {isa = PBXBuildFile; fileRef = 84D940BB2C71D2500054773B /* Constants + Phrase.swift */; };
		84D940C22C71D2500054773B /* Constants + SystemImage.swift in Sources */ = {isa = PBXBuildFile; fileRef = 84D940BC2C71D2500054773B /* Constants + SystemImage.swift */; };
		84D940C42C71D7B90054773B /* LogInViewModel.swift in Sources */ = {isa = PBXBuildFile; fileRef = 84D940C32C71D7B90054773B /* LogInViewModel.swift */; };
		84D940C72C71D93A0054773B /* SignTextField.swift in Sources */ = {isa = PBXBuildFile; fileRef = 84D940C62C71D93A0054773B /* SignTextField.swift */; };
		84D940C92C71D96F0054773B /* ConfirmButton.swift in Sources */ = {isa = PBXBuildFile; fileRef = 84D940C82C71D96F0054773B /* ConfirmButton.swift */; };
		84D940CC2C71DD490054773B /* BaseViewModel.swift in Sources */ = {isa = PBXBuildFile; fileRef = 84D940CB2C71DD490054773B /* BaseViewModel.swift */; };
		84D940D02C7249210054773B /* UIViewController+.swift in Sources */ = {isa = PBXBuildFile; fileRef = 84D940CF2C7249210054773B /* UIViewController+.swift */; };
		84D940D22C724CD60054773B /* MainFeedViewController.swift in Sources */ = {isa = PBXBuildFile; fileRef = 84D940D12C724CD60054773B /* MainFeedViewController.swift */; };
		84D940D42C724CEC0054773B /* MainFeedView.swift in Sources */ = {isa = PBXBuildFile; fileRef = 84D940D32C724CEC0054773B /* MainFeedView.swift */; };
		84D940D62C724D060054773B /* MainFeedViewModel.swift in Sources */ = {isa = PBXBuildFile; fileRef = 84D940D52C724D060054773B /* MainFeedViewModel.swift */; };
		84D940D82C7257230054773B /* APIError.swift in Sources */ = {isa = PBXBuildFile; fileRef = 84D940D72C7257230054773B /* APIError.swift */; };
		84D940DA2C726E050054773B /* SignUpViewModel.swift in Sources */ = {isa = PBXBuildFile; fileRef = 84D940D92C726E050054773B /* SignUpViewModel.swift */; };
		84DFFB742C7730190014EAD3 /* CustomTabBar.swift in Sources */ = {isa = PBXBuildFile; fileRef = 84DFFB732C7730190014EAD3 /* CustomTabBar.swift */; };
		84DFFB772C776A810014EAD3 /* DrawViewController.swift in Sources */ = {isa = PBXBuildFile; fileRef = 84DFFB762C776A810014EAD3 /* DrawViewController.swift */; };
		84DFFB792C776AA00014EAD3 /* DrawView.swift in Sources */ = {isa = PBXBuildFile; fileRef = 84DFFB782C776AA00014EAD3 /* DrawView.swift */; };
		84DFFB7B2C786C9C0014EAD3 /* DrawViewModel.swift in Sources */ = {isa = PBXBuildFile; fileRef = 84DFFB7A2C786C9C0014EAD3 /* DrawViewModel.swift */; };
		84DFFB7D2C78C5D10014EAD3 /* PostSketchViewModel.swift in Sources */ = {isa = PBXBuildFile; fileRef = 84DFFB7C2C78C5D10014EAD3 /* PostSketchViewModel.swift */; };
		84DFFB7F2C79E1690014EAD3 /* ProfileViewModel.swift in Sources */ = {isa = PBXBuildFile; fileRef = 84DFFB7E2C79E1690014EAD3 /* ProfileViewModel.swift */; };
		84DFFB812C7A6DB40014EAD3 /* ImageUploadResponse.swift in Sources */ = {isa = PBXBuildFile; fileRef = 84DFFB802C7A6DB40014EAD3 /* ImageUploadResponse.swift */; };
		84F631C52C760792005D4C06 /* PostResponse.swift in Sources */ = {isa = PBXBuildFile; fileRef = 84F631C42C760792005D4C06 /* PostResponse.swift */; };
		84FD0F732C7DC4E100EFA4E1 /* PostInfoLabel.swift in Sources */ = {isa = PBXBuildFile; fileRef = 84FD0F722C7DC4E100EFA4E1 /* PostInfoLabel.swift */; };
		84FD0F762C7DED8100EFA4E1 /* Kingfisher in Frameworks */ = {isa = PBXBuildFile; productRef = 84FD0F752C7DED8100EFA4E1 /* Kingfisher */; };
/* End PBXBuildFile section */

/* Begin PBXFileReference section */
		841D75D92C7F120200159EA1 /* SketchQuizViewController.swift */ = {isa = PBXFileReference; lastKnownFileType = sourcecode.swift; path = SketchQuizViewController.swift; sourceTree = "<group>"; };
		841D75DB2C7F121200159EA1 /* SketchQuizViewModel.swift */ = {isa = PBXFileReference; lastKnownFileType = sourcecode.swift; path = SketchQuizViewModel.swift; sourceTree = "<group>"; };
		841D75DD2C7F121B00159EA1 /* SketchQuizView.swift */ = {isa = PBXFileReference; lastKnownFileType = sourcecode.swift; path = SketchQuizView.swift; sourceTree = "<group>"; };
		841D75DF2C7F3F6100159EA1 /* CommentCollectionViewCell.swift */ = {isa = PBXFileReference; lastKnownFileType = sourcecode.swift; path = CommentCollectionViewCell.swift; sourceTree = "<group>"; };
		841D75E92C80674C00159EA1 /* UICollectionViewLayout+.swift */ = {isa = PBXFileReference; lastKnownFileType = sourcecode.swift; path = "UICollectionViewLayout+.swift"; sourceTree = "<group>"; };
		841D75EB2C81860C00159EA1 /* UIImageView+.swift */ = {isa = PBXFileReference; lastKnownFileType = sourcecode.swift; path = "UIImageView+.swift"; sourceTree = "<group>"; };
		841D75ED2C82DFDF00159EA1 /* CatchSketchAlertController.swift */ = {isa = PBXFileReference; lastKnownFileType = sourcecode.swift; path = CatchSketchAlertController.swift; sourceTree = "<group>"; };
		841D75EF2C84975100159EA1 /* Date+.swift */ = {isa = PBXFileReference; lastKnownFileType = sourcecode.swift; path = "Date+.swift"; sourceTree = "<group>"; };
		84321E5E2C6DEEE000BA7FD7 /* CatchSketch.app */ = {isa = PBXFileReference; explicitFileType = wrapper.application; includeInIndex = 0; path = CatchSketch.app; sourceTree = BUILT_PRODUCTS_DIR; };
		84321E612C6DEEE000BA7FD7 /* AppDelegate.swift */ = {isa = PBXFileReference; lastKnownFileType = sourcecode.swift; path = AppDelegate.swift; sourceTree = "<group>"; };
		84321E632C6DEEE000BA7FD7 /* SceneDelegate.swift */ = {isa = PBXFileReference; lastKnownFileType = sourcecode.swift; path = SceneDelegate.swift; sourceTree = "<group>"; };
		84321E652C6DEEE000BA7FD7 /* SignUpView.swift */ = {isa = PBXFileReference; lastKnownFileType = sourcecode.swift; path = SignUpView.swift; sourceTree = "<group>"; };
		84321E6A2C6DEEE200BA7FD7 /* Assets.xcassets */ = {isa = PBXFileReference; lastKnownFileType = folder.assetcatalog; path = Assets.xcassets; sourceTree = "<group>"; };
		84321E6D2C6DEEE200BA7FD7 /* Base */ = {isa = PBXFileReference; lastKnownFileType = file.storyboard; name = Base; path = Base.lproj/LaunchScreen.storyboard; sourceTree = "<group>"; };
		84321E6F2C6DEEE200BA7FD7 /* Info.plist */ = {isa = PBXFileReference; lastKnownFileType = text.plist.xml; path = Info.plist; sourceTree = "<group>"; };
		84321E752C6DEF3500BA7FD7 /* .gitignore */ = {isa = PBXFileReference; lastKnownFileType = text; path = .gitignore; sourceTree = "<group>"; };
		84321E792C6DF08C00BA7FD7 /* Configuration.xcconfig */ = {isa = PBXFileReference; lastKnownFileType = text.xcconfig; path = Configuration.xcconfig; sourceTree = "<group>"; };
		84321E7D2C6DF41D00BA7FD7 /* NetworkService.swift */ = {isa = PBXFileReference; lastKnownFileType = sourcecode.swift; path = NetworkService.swift; sourceTree = "<group>"; };
		84321E7F2C6DF44200BA7FD7 /* APIAuth.swift */ = {isa = PBXFileReference; lastKnownFileType = sourcecode.swift; path = APIAuth.swift; sourceTree = "<group>"; };
		84321E952C6E168D00BA7FD7 /* Router.swift */ = {isa = PBXFileReference; lastKnownFileType = sourcecode.swift; path = Router.swift; sourceTree = "<group>"; };
		84321E972C6E16C000BA7FD7 /* TargetType.swift */ = {isa = PBXFileReference; lastKnownFileType = sourcecode.swift; path = TargetType.swift; sourceTree = "<group>"; };
		84321E9C2C6E19C400BA7FD7 /* AuthQuery.swift */ = {isa = PBXFileReference; lastKnownFileType = sourcecode.swift; path = AuthQuery.swift; sourceTree = "<group>"; };
		84321E9E2C6E1D9400BA7FD7 /* Header.swift */ = {isa = PBXFileReference; lastKnownFileType = sourcecode.swift; path = Header.swift; sourceTree = "<group>"; };
		84321EA12C6E1F7F00BA7FD7 /* UserDefaultsManager.swift */ = {isa = PBXFileReference; lastKnownFileType = sourcecode.swift; path = UserDefaultsManager.swift; sourceTree = "<group>"; };
		84321EA42C6F277600BA7FD7 /* JSONEncoder+.swift */ = {isa = PBXFileReference; lastKnownFileType = sourcecode.swift; path = "JSONEncoder+.swift"; sourceTree = "<group>"; };
		84321EA82C6F4FC100BA7FD7 /* PostRequest.swift */ = {isa = PBXFileReference; lastKnownFileType = sourcecode.swift; path = PostRequest.swift; sourceTree = "<group>"; };
		84321EAA2C6FC36400BA7FD7 /* Profile.swift */ = {isa = PBXFileReference; lastKnownFileType = sourcecode.swift; path = Profile.swift; sourceTree = "<group>"; };
		84321EAD2C6FE19100BA7FD7 /* LogInResponse.swift */ = {isa = PBXFileReference; lastKnownFileType = sourcecode.swift; path = LogInResponse.swift; sourceTree = "<group>"; };
		84B1C4C32C7360550017585A /* MainFeedCollectionViewCell.swift */ = {isa = PBXFileReference; lastKnownFileType = sourcecode.swift; path = MainFeedCollectionViewCell.swift; sourceTree = "<group>"; };
		84B1C4C62C73650C0017585A /* CatchSketchTabBarController.swift */ = {isa = PBXFileReference; lastKnownFileType = sourcecode.swift; path = CatchSketchTabBarController.swift; sourceTree = "<group>"; };
		84B1C4C82C7368910017585A /* CatchSketchNavigationController.swift */ = {isa = PBXFileReference; lastKnownFileType = sourcecode.swift; path = CatchSketchNavigationController.swift; sourceTree = "<group>"; };
		84B1C4CB2C7368EA0017585A /* PostSketchViewController.swift */ = {isa = PBXFileReference; lastKnownFileType = sourcecode.swift; path = PostSketchViewController.swift; sourceTree = "<group>"; };
		84B1C4CD2C7369030017585A /* PostSketchView.swift */ = {isa = PBXFileReference; lastKnownFileType = sourcecode.swift; path = PostSketchView.swift; sourceTree = "<group>"; };
		84B1C4D02C73698C0017585A /* ProfileViewController.swift */ = {isa = PBXFileReference; lastKnownFileType = sourcecode.swift; path = ProfileViewController.swift; sourceTree = "<group>"; };
		84B1C4D22C7369BA0017585A /* ProfileView.swift */ = {isa = PBXFileReference; lastKnownFileType = sourcecode.swift; path = ProfileView.swift; sourceTree = "<group>"; };
		84B1C4F82C74B4810017585A /* AccesToken.swift */ = {isa = PBXFileReference; lastKnownFileType = sourcecode.swift; path = AccesToken.swift; sourceTree = "<group>"; };
		84B1C4FA2C7502B70017585A /* Reactive+.swift */ = {isa = PBXFileReference; lastKnownFileType = sourcecode.swift; path = "Reactive+.swift"; sourceTree = "<group>"; };
		84D940A92C71CF5E0054773B /* SignUpViewController.swift */ = {isa = PBXFileReference; lastKnownFileType = sourcecode.swift; path = SignUpViewController.swift; sourceTree = "<group>"; };
		84D940AC2C71CFBC0054773B /* LogInViewController.swift */ = {isa = PBXFileReference; lastKnownFileType = sourcecode.swift; path = LogInViewController.swift; sourceTree = "<group>"; };
		84D940AE2C71D1A50054773B /* LogInView.swift */ = {isa = PBXFileReference; lastKnownFileType = sourcecode.swift; path = LogInView.swift; sourceTree = "<group>"; };
		84D940B02C71D1F10054773B /* BaseCollectionViewCell.swift */ = {isa = PBXFileReference; fileEncoding = 4; lastKnownFileType = sourcecode.swift; path = BaseCollectionViewCell.swift; sourceTree = "<group>"; };
		84D940B12C71D1F10054773B /* BaseView.swift */ = {isa = PBXFileReference; fileEncoding = 4; lastKnownFileType = sourcecode.swift; path = BaseView.swift; sourceTree = "<group>"; };
		84D940B22C71D1F10054773B /* BaseViewController.swift */ = {isa = PBXFileReference; fileEncoding = 4; lastKnownFileType = sourcecode.swift; path = BaseViewController.swift; sourceTree = "<group>"; };
		84D940B82C71D2500054773B /* Constants + AssetColor.swift */ = {isa = PBXFileReference; fileEncoding = 4; lastKnownFileType = sourcecode.swift; path = "Constants + AssetColor.swift"; sourceTree = "<group>"; };
		84D940B92C71D2500054773B /* Constants + AssetImage.swift */ = {isa = PBXFileReference; fileEncoding = 4; lastKnownFileType = sourcecode.swift; path = "Constants + AssetImage.swift"; sourceTree = "<group>"; };
		84D940BA2C71D2500054773B /* Constants + Font.swift */ = {isa = PBXFileReference; fileEncoding = 4; lastKnownFileType = sourcecode.swift; path = "Constants + Font.swift"; sourceTree = "<group>"; };
		84D940BB2C71D2500054773B /* Constants + Phrase.swift */ = {isa = PBXFileReference; fileEncoding = 4; lastKnownFileType = sourcecode.swift; path = "Constants + Phrase.swift"; sourceTree = "<group>"; };
		84D940BC2C71D2500054773B /* Constants + SystemImage.swift */ = {isa = PBXFileReference; fileEncoding = 4; lastKnownFileType = sourcecode.swift; path = "Constants + SystemImage.swift"; sourceTree = "<group>"; };
		84D940C32C71D7B90054773B /* LogInViewModel.swift */ = {isa = PBXFileReference; lastKnownFileType = sourcecode.swift; path = LogInViewModel.swift; sourceTree = "<group>"; };
		84D940C62C71D93A0054773B /* SignTextField.swift */ = {isa = PBXFileReference; lastKnownFileType = sourcecode.swift; path = SignTextField.swift; sourceTree = "<group>"; };
		84D940C82C71D96F0054773B /* ConfirmButton.swift */ = {isa = PBXFileReference; lastKnownFileType = sourcecode.swift; path = ConfirmButton.swift; sourceTree = "<group>"; };
		84D940CB2C71DD490054773B /* BaseViewModel.swift */ = {isa = PBXFileReference; lastKnownFileType = sourcecode.swift; path = BaseViewModel.swift; sourceTree = "<group>"; };
		84D940CF2C7249210054773B /* UIViewController+.swift */ = {isa = PBXFileReference; lastKnownFileType = sourcecode.swift; path = "UIViewController+.swift"; sourceTree = "<group>"; };
		84D940D12C724CD60054773B /* MainFeedViewController.swift */ = {isa = PBXFileReference; lastKnownFileType = sourcecode.swift; path = MainFeedViewController.swift; sourceTree = "<group>"; };
		84D940D32C724CEC0054773B /* MainFeedView.swift */ = {isa = PBXFileReference; lastKnownFileType = sourcecode.swift; path = MainFeedView.swift; sourceTree = "<group>"; };
		84D940D52C724D060054773B /* MainFeedViewModel.swift */ = {isa = PBXFileReference; lastKnownFileType = sourcecode.swift; path = MainFeedViewModel.swift; sourceTree = "<group>"; };
		84D940D72C7257230054773B /* APIError.swift */ = {isa = PBXFileReference; lastKnownFileType = sourcecode.swift; path = APIError.swift; sourceTree = "<group>"; };
		84D940D92C726E050054773B /* SignUpViewModel.swift */ = {isa = PBXFileReference; lastKnownFileType = sourcecode.swift; path = SignUpViewModel.swift; sourceTree = "<group>"; };
		84DFFB732C7730190014EAD3 /* CustomTabBar.swift */ = {isa = PBXFileReference; lastKnownFileType = sourcecode.swift; path = CustomTabBar.swift; sourceTree = "<group>"; };
		84DFFB762C776A810014EAD3 /* DrawViewController.swift */ = {isa = PBXFileReference; lastKnownFileType = sourcecode.swift; path = DrawViewController.swift; sourceTree = "<group>"; };
		84DFFB782C776AA00014EAD3 /* DrawView.swift */ = {isa = PBXFileReference; lastKnownFileType = sourcecode.swift; path = DrawView.swift; sourceTree = "<group>"; };
		84DFFB7A2C786C9C0014EAD3 /* DrawViewModel.swift */ = {isa = PBXFileReference; lastKnownFileType = sourcecode.swift; path = DrawViewModel.swift; sourceTree = "<group>"; };
		84DFFB7C2C78C5D10014EAD3 /* PostSketchViewModel.swift */ = {isa = PBXFileReference; lastKnownFileType = sourcecode.swift; path = PostSketchViewModel.swift; sourceTree = "<group>"; };
		84DFFB7E2C79E1690014EAD3 /* ProfileViewModel.swift */ = {isa = PBXFileReference; lastKnownFileType = sourcecode.swift; path = ProfileViewModel.swift; sourceTree = "<group>"; };
		84DFFB802C7A6DB40014EAD3 /* ImageUploadResponse.swift */ = {isa = PBXFileReference; lastKnownFileType = sourcecode.swift; path = ImageUploadResponse.swift; sourceTree = "<group>"; };
		84F631C42C760792005D4C06 /* PostResponse.swift */ = {isa = PBXFileReference; lastKnownFileType = sourcecode.swift; path = PostResponse.swift; sourceTree = "<group>"; };
		84FD0F722C7DC4E100EFA4E1 /* PostInfoLabel.swift */ = {isa = PBXFileReference; lastKnownFileType = sourcecode.swift; path = PostInfoLabel.swift; sourceTree = "<group>"; };
/* End PBXFileReference section */

/* Begin PBXFrameworksBuildPhase section */
		84321E5B2C6DEEE000BA7FD7 /* Frameworks */ = {
			isa = PBXFrameworksBuildPhase;
			buildActionMask = 2147483647;
			files = (
				84321E912C6E11EC00BA7FD7 /* RxSwift in Frameworks */,
				84321E892C6E11A300BA7FD7 /* SnapKit in Frameworks */,
				84321E832C6E118600BA7FD7 /* Alamofire in Frameworks */,
				84321E8F2C6E11EC00BA7FD7 /* RxCocoa in Frameworks */,
				84FD0F762C7DED8100EFA4E1 /* Kingfisher in Frameworks */,
				84321E862C6E119A00BA7FD7 /* IQKeyboardManagerSwift in Frameworks */,
				84321E942C6E122D00BA7FD7 /* Toast in Frameworks */,
				84321E8C2C6E11AD00BA7FD7 /* Then in Frameworks */,
			);
			runOnlyForDeploymentPostprocessing = 0;
		};
/* End PBXFrameworksBuildPhase section */

/* Begin PBXGroup section */
		841D75D82C7F0F2100159EA1 /* SketchQuiz */ = {
			isa = PBXGroup;
			children = (
				841D75D92C7F120200159EA1 /* SketchQuizViewController.swift */,
				841D75DB2C7F121200159EA1 /* SketchQuizViewModel.swift */,
				841D75DD2C7F121B00159EA1 /* SketchQuizView.swift */,
				841D75DF2C7F3F6100159EA1 /* CommentCollectionViewCell.swift */,
			);
			path = SketchQuiz;
			sourceTree = "<group>";
		};
		84321E552C6DEEE000BA7FD7 = {
			isa = PBXGroup;
			children = (
				84321E752C6DEF3500BA7FD7 /* .gitignore */,
				84321E602C6DEEE000BA7FD7 /* CatchSketch */,
				84321E5F2C6DEEE000BA7FD7 /* Products */,
			);
			sourceTree = "<group>";
		};
		84321E5F2C6DEEE000BA7FD7 /* Products */ = {
			isa = PBXGroup;
			children = (
				84321E5E2C6DEEE000BA7FD7 /* CatchSketch.app */,
			);
			name = Products;
			sourceTree = "<group>";
		};
		84321E602C6DEEE000BA7FD7 /* CatchSketch */ = {
			isa = PBXGroup;
			children = (
				84D940CA2C71DD380054773B /* Common */,
				84321E782C6DF02700BA7FD7 /* App */,
				84321EAC2C6FD90E00BA7FD7 /* Feature */,
				84D940B72C71D1FD0054773B /* Components */,
				84321EA02C6E1F7200BA7FD7 /* DB */,
				84321E992C6E16F300BA7FD7 /* Model */,
				84321E7A2C6DF3F800BA7FD7 /* Util */,
				84321E772C6DEF6300BA7FD7 /* Resource */,
				84321E6F2C6DEEE200BA7FD7 /* Info.plist */,
			);
			path = CatchSketch;
			sourceTree = "<group>";
		};
		84321E772C6DEF6300BA7FD7 /* Resource */ = {
			isa = PBXGroup;
			children = (
				84D940BD2C71D2500054773B /* Constants */,
				84321E6C2C6DEEE200BA7FD7 /* LaunchScreen.storyboard */,
				84321E6A2C6DEEE200BA7FD7 /* Assets.xcassets */,
				84321E792C6DF08C00BA7FD7 /* Configuration.xcconfig */,
			);
			path = Resource;
			sourceTree = "<group>";
		};
		84321E782C6DF02700BA7FD7 /* App */ = {
			isa = PBXGroup;
			children = (
				84321E612C6DEEE000BA7FD7 /* AppDelegate.swift */,
				84321E632C6DEEE000BA7FD7 /* SceneDelegate.swift */,
			);
			path = App;
			sourceTree = "<group>";
		};
		84321E7A2C6DF3F800BA7FD7 /* Util */ = {
			isa = PBXGroup;
			children = (
				84321EA32C6F26C600BA7FD7 /* Extension */,
				84321E7B2C6DF3FE00BA7FD7 /* Network */,
			);
			path = Util;
			sourceTree = "<group>";
		};
		84321E7B2C6DF3FE00BA7FD7 /* Network */ = {
			isa = PBXGroup;
			children = (
				84D940D72C7257230054773B /* APIError.swift */,
				84321E7D2C6DF41D00BA7FD7 /* NetworkService.swift */,
				84321E7F2C6DF44200BA7FD7 /* APIAuth.swift */,
				84321E952C6E168D00BA7FD7 /* Router.swift */,
				84321E972C6E16C000BA7FD7 /* TargetType.swift */,
				84321E9E2C6E1D9400BA7FD7 /* Header.swift */,
			);
			path = Network;
			sourceTree = "<group>";
		};
		84321E992C6E16F300BA7FD7 /* Model */ = {
			isa = PBXGroup;
			children = (
				84321E9B2C6E16FE00BA7FD7 /* ResponseModel */,
				84321E9A2C6E16F700BA7FD7 /* RequestModel */,
			);
			path = Model;
			sourceTree = "<group>";
		};
		84321E9A2C6E16F700BA7FD7 /* RequestModel */ = {
			isa = PBXGroup;
			children = (
				84321E9C2C6E19C400BA7FD7 /* AuthQuery.swift */,
				84321EA82C6F4FC100BA7FD7 /* PostRequest.swift */,
				84321EAA2C6FC36400BA7FD7 /* Profile.swift */,
			);
			path = RequestModel;
			sourceTree = "<group>";
		};
		84321E9B2C6E16FE00BA7FD7 /* ResponseModel */ = {
			isa = PBXGroup;
			children = (
				84F631C42C760792005D4C06 /* PostResponse.swift */,
				84321EAD2C6FE19100BA7FD7 /* LogInResponse.swift */,
				84B1C4F82C74B4810017585A /* AccesToken.swift */,
				84DFFB802C7A6DB40014EAD3 /* ImageUploadResponse.swift */,
			);
			path = ResponseModel;
			sourceTree = "<group>";
		};
		84321EA02C6E1F7200BA7FD7 /* DB */ = {
			isa = PBXGroup;
			children = (
				84321EA12C6E1F7F00BA7FD7 /* UserDefaultsManager.swift */,
			);
			path = DB;
			sourceTree = "<group>";
		};
		84321EA32C6F26C600BA7FD7 /* Extension */ = {
			isa = PBXGroup;
			children = (
				84321EA42C6F277600BA7FD7 /* JSONEncoder+.swift */,
				84D940CF2C7249210054773B /* UIViewController+.swift */,
				84B1C4FA2C7502B70017585A /* Reactive+.swift */,
				841D75E92C80674C00159EA1 /* UICollectionViewLayout+.swift */,
				841D75EB2C81860C00159EA1 /* UIImageView+.swift */,
				841D75EF2C84975100159EA1 /* Date+.swift */,
			);
			path = Extension;
			sourceTree = "<group>";
		};
		84321EAC2C6FD90E00BA7FD7 /* Feature */ = {
			isa = PBXGroup;
			children = (
				84D940CD2C7224E30054773B /* Authentication */,
				84D940CE2C7246AA0054773B /* MainFeed */,
				841D75D82C7F0F2100159EA1 /* SketchQuiz */,
				84B1C4CA2C7368D70017585A /* PostSketch */,
				84B1C4CF2C7369750017585A /* Profile */,
			);
			path = Feature;
			sourceTree = "<group>";
		};
		84B1C4C52C7364F10017585A /* Controller */ = {
			isa = PBXGroup;
			children = (
				84B1C4C62C73650C0017585A /* CatchSketchTabBarController.swift */,
				84B1C4C82C7368910017585A /* CatchSketchNavigationController.swift */,
			);
			path = Controller;
			sourceTree = "<group>";
		};
		84B1C4CA2C7368D70017585A /* PostSketch */ = {
			isa = PBXGroup;
			children = (
				84B1C4CB2C7368EA0017585A /* PostSketchViewController.swift */,
				84DFFB7C2C78C5D10014EAD3 /* PostSketchViewModel.swift */,
				84B1C4CD2C7369030017585A /* PostSketchView.swift */,
				84DFFB752C776A520014EAD3 /* Draw */,
			);
			path = PostSketch;
			sourceTree = "<group>";
		};
		84B1C4CF2C7369750017585A /* Profile */ = {
			isa = PBXGroup;
			children = (
				84B1C4D02C73698C0017585A /* ProfileViewController.swift */,
				84DFFB7E2C79E1690014EAD3 /* ProfileViewModel.swift */,
				84B1C4D22C7369BA0017585A /* ProfileView.swift */,
			);
			path = Profile;
			sourceTree = "<group>";
		};
		84D940A82C71CDFF0054773B /* SignUp */ = {
			isa = PBXGroup;
			children = (
				84D940A92C71CF5E0054773B /* SignUpViewController.swift */,
				84D940D92C726E050054773B /* SignUpViewModel.swift */,
				84321E652C6DEEE000BA7FD7 /* SignUpView.swift */,
			);
			path = SignUp;
			sourceTree = "<group>";
		};
		84D940AB2C71CFA90054773B /* LogIn */ = {
			isa = PBXGroup;
			children = (
				84D940AC2C71CFBC0054773B /* LogInViewController.swift */,
				84D940C32C71D7B90054773B /* LogInViewModel.swift */,
				84D940AE2C71D1A50054773B /* LogInView.swift */,
			);
			path = LogIn;
			sourceTree = "<group>";
		};
		84D940B32C71D1F10054773B /* BaseViews */ = {
			isa = PBXGroup;
			children = (
				84D940B22C71D1F10054773B /* BaseViewController.swift */,
				84D940B02C71D1F10054773B /* BaseCollectionViewCell.swift */,
				84D940B12C71D1F10054773B /* BaseView.swift */,
			);
			path = BaseViews;
			sourceTree = "<group>";
		};
		84D940B72C71D1FD0054773B /* Components */ = {
			isa = PBXGroup;
			children = (
				84D940C52C71D92D0054773B /* Reusable */,
				84D940B32C71D1F10054773B /* BaseViews */,
				84DFFB732C7730190014EAD3 /* CustomTabBar.swift */,
			);
			path = Components;
			sourceTree = "<group>";
		};
		84D940BD2C71D2500054773B /* Constants */ = {
			isa = PBXGroup;
			children = (
				84D940B82C71D2500054773B /* Constants + AssetColor.swift */,
				84D940B92C71D2500054773B /* Constants + AssetImage.swift */,
				84D940BA2C71D2500054773B /* Constants + Font.swift */,
				84D940BB2C71D2500054773B /* Constants + Phrase.swift */,
				84D940BC2C71D2500054773B /* Constants + SystemImage.swift */,
			);
			path = Constants;
			sourceTree = "<group>";
		};
		84D940C52C71D92D0054773B /* Reusable */ = {
			isa = PBXGroup;
			children = (
				84B1C4C52C7364F10017585A /* Controller */,
				84D940C62C71D93A0054773B /* SignTextField.swift */,
				84D940C82C71D96F0054773B /* ConfirmButton.swift */,
				84FD0F722C7DC4E100EFA4E1 /* PostInfoLabel.swift */,
				841D75ED2C82DFDF00159EA1 /* CatchSketchAlertController.swift */,
			);
			path = Reusable;
			sourceTree = "<group>";
		};
		84D940CA2C71DD380054773B /* Common */ = {
			isa = PBXGroup;
			children = (
				84D940CB2C71DD490054773B /* BaseViewModel.swift */,
			);
			path = Common;
			sourceTree = "<group>";
		};
		84D940CD2C7224E30054773B /* Authentication */ = {
			isa = PBXGroup;
			children = (
				84D940AB2C71CFA90054773B /* LogIn */,
				84D940A82C71CDFF0054773B /* SignUp */,
			);
			path = Authentication;
			sourceTree = "<group>";
		};
		84D940CE2C7246AA0054773B /* MainFeed */ = {
			isa = PBXGroup;
			children = (
				84D940D12C724CD60054773B /* MainFeedViewController.swift */,
				84D940D52C724D060054773B /* MainFeedViewModel.swift */,
				84D940D32C724CEC0054773B /* MainFeedView.swift */,
				84B1C4C32C7360550017585A /* MainFeedCollectionViewCell.swift */,
			);
			path = MainFeed;
			sourceTree = "<group>";
		};
		84DFFB752C776A520014EAD3 /* Draw */ = {
			isa = PBXGroup;
			children = (
				84DFFB762C776A810014EAD3 /* DrawViewController.swift */,
				84DFFB7A2C786C9C0014EAD3 /* DrawViewModel.swift */,
				84DFFB782C776AA00014EAD3 /* DrawView.swift */,
			);
			path = Draw;
			sourceTree = "<group>";
		};
/* End PBXGroup section */

/* Begin PBXNativeTarget section */
		84321E5D2C6DEEE000BA7FD7 /* CatchSketch */ = {
			isa = PBXNativeTarget;
			buildConfigurationList = 84321E722C6DEEE200BA7FD7 /* Build configuration list for PBXNativeTarget "CatchSketch" */;
			buildPhases = (
				84321E5A2C6DEEE000BA7FD7 /* Sources */,
				84321E5B2C6DEEE000BA7FD7 /* Frameworks */,
				84321E5C2C6DEEE000BA7FD7 /* Resources */,
			);
			buildRules = (
			);
			dependencies = (
			);
			name = CatchSketch;
			packageProductDependencies = (
				84321E822C6E118600BA7FD7 /* Alamofire */,
				84321E852C6E119A00BA7FD7 /* IQKeyboardManagerSwift */,
				84321E882C6E11A300BA7FD7 /* SnapKit */,
				84321E8B2C6E11AD00BA7FD7 /* Then */,
				84321E8E2C6E11EC00BA7FD7 /* RxCocoa */,
				84321E902C6E11EC00BA7FD7 /* RxSwift */,
				84321E932C6E122D00BA7FD7 /* Toast */,
				84FD0F752C7DED8100EFA4E1 /* Kingfisher */,
			);
			productName = CatchSketch;
			productReference = 84321E5E2C6DEEE000BA7FD7 /* CatchSketch.app */;
			productType = "com.apple.product-type.application";
		};
/* End PBXNativeTarget section */

/* Begin PBXProject section */
		84321E562C6DEEE000BA7FD7 /* Project object */ = {
			isa = PBXProject;
			attributes = {
				BuildIndependentTargetsInParallel = 1;
				LastSwiftUpdateCheck = 1540;
				LastUpgradeCheck = 1540;
				TargetAttributes = {
					84321E5D2C6DEEE000BA7FD7 = {
						CreatedOnToolsVersion = 15.4;
					};
				};
			};
			buildConfigurationList = 84321E592C6DEEE000BA7FD7 /* Build configuration list for PBXProject "CatchSketch" */;
			compatibilityVersion = "Xcode 14.0";
			developmentRegion = en;
			hasScannedForEncodings = 0;
			knownRegions = (
				en,
				Base,
			);
			mainGroup = 84321E552C6DEEE000BA7FD7;
			packageReferences = (
				84321E812C6E118600BA7FD7 /* XCRemoteSwiftPackageReference "Alamofire" */,
				84321E842C6E119A00BA7FD7 /* XCRemoteSwiftPackageReference "IQKeyboardManager" */,
				84321E872C6E11A300BA7FD7 /* XCRemoteSwiftPackageReference "SnapKit" */,
				84321E8A2C6E11AD00BA7FD7 /* XCRemoteSwiftPackageReference "Then" */,
				84321E8D2C6E11EC00BA7FD7 /* XCRemoteSwiftPackageReference "RxSwift" */,
				84321E922C6E122D00BA7FD7 /* XCRemoteSwiftPackageReference "Toast-Swift" */,
				84FD0F742C7DED8100EFA4E1 /* XCRemoteSwiftPackageReference "Kingfisher" */,
			);
			productRefGroup = 84321E5F2C6DEEE000BA7FD7 /* Products */;
			projectDirPath = "";
			projectRoot = "";
			targets = (
				84321E5D2C6DEEE000BA7FD7 /* CatchSketch */,
			);
		};
/* End PBXProject section */

/* Begin PBXResourcesBuildPhase section */
		84321E5C2C6DEEE000BA7FD7 /* Resources */ = {
			isa = PBXResourcesBuildPhase;
			buildActionMask = 2147483647;
			files = (
				84321E762C6DEF3500BA7FD7 /* .gitignore in Resources */,
				84321E6B2C6DEEE200BA7FD7 /* Assets.xcassets in Resources */,
				84321E6E2C6DEEE200BA7FD7 /* Base in Resources */,
			);
			runOnlyForDeploymentPostprocessing = 0;
		};
/* End PBXResourcesBuildPhase section */

/* Begin PBXSourcesBuildPhase section */
		84321E5A2C6DEEE000BA7FD7 /* Sources */ = {
			isa = PBXSourcesBuildPhase;
			buildActionMask = 2147483647;
			files = (
				84321EAE2C6FE19100BA7FD7 /* LogInResponse.swift in Sources */,
				84D940D42C724CEC0054773B /* MainFeedView.swift in Sources */,
				84DFFB792C776AA00014EAD3 /* DrawView.swift in Sources */,
				841D75E02C7F3F6100159EA1 /* CommentCollectionViewCell.swift in Sources */,
				84321E662C6DEEE000BA7FD7 /* SignUpView.swift in Sources */,
				84B1C4C92C7368910017585A /* CatchSketchNavigationController.swift in Sources */,
				841D75EC2C81860C00159EA1 /* UIImageView+.swift in Sources */,
				841D75DE2C7F121B00159EA1 /* SketchQuizView.swift in Sources */,
				84DFFB7D2C78C5D10014EAD3 /* PostSketchViewModel.swift in Sources */,
				84B1C4CC2C7368EA0017585A /* PostSketchViewController.swift in Sources */,
				84D940D82C7257230054773B /* APIError.swift in Sources */,
				84D940D62C724D060054773B /* MainFeedViewModel.swift in Sources */,
				841D75F02C84975100159EA1 /* Date+.swift in Sources */,
				84F631C52C760792005D4C06 /* PostResponse.swift in Sources */,
				84D940D02C7249210054773B /* UIViewController+.swift in Sources */,
				841D75DC2C7F121200159EA1 /* SketchQuizViewModel.swift in Sources */,
				84321E9F2C6E1D9400BA7FD7 /* Header.swift in Sources */,
				84321E622C6DEEE000BA7FD7 /* AppDelegate.swift in Sources */,
				84D940C72C71D93A0054773B /* SignTextField.swift in Sources */,
				84D940C42C71D7B90054773B /* LogInViewModel.swift in Sources */,
				84321EAB2C6FC36400BA7FD7 /* Profile.swift in Sources */,
				84D940B62C71D1F10054773B /* BaseViewController.swift in Sources */,
				84D940C02C71D2500054773B /* Constants + Font.swift in Sources */,
				84321EA92C6F4FC100BA7FD7 /* PostRequest.swift in Sources */,
				84D940AF2C71D1A50054773B /* LogInView.swift in Sources */,
				84321E9D2C6E19C400BA7FD7 /* AuthQuery.swift in Sources */,
				84321EA52C6F277600BA7FD7 /* JSONEncoder+.swift in Sources */,
				84D940BF2C71D2500054773B /* Constants + AssetImage.swift in Sources */,
				84321E802C6DF44200BA7FD7 /* APIAuth.swift in Sources */,
				84DFFB742C7730190014EAD3 /* CustomTabBar.swift in Sources */,
				84D940AA2C71CF5E0054773B /* SignUpViewController.swift in Sources */,
				84D940BE2C71D2500054773B /* Constants + AssetColor.swift in Sources */,
				84DFFB812C7A6DB40014EAD3 /* ImageUploadResponse.swift in Sources */,
				84B1C4CE2C7369030017585A /* PostSketchView.swift in Sources */,
				84D940B42C71D1F10054773B /* BaseCollectionViewCell.swift in Sources */,
				84321E7E2C6DF41D00BA7FD7 /* NetworkService.swift in Sources */,
				84DFFB7F2C79E1690014EAD3 /* ProfileViewModel.swift in Sources */,
				84B1C4F92C74B4810017585A /* AccesToken.swift in Sources */,
				84D940C22C71D2500054773B /* Constants + SystemImage.swift in Sources */,
				84321EA22C6E1F7F00BA7FD7 /* UserDefaultsManager.swift in Sources */,
				84D940AD2C71CFBC0054773B /* LogInViewController.swift in Sources */,
				841D75EE2C82DFDF00159EA1 /* CatchSketchAlertController.swift in Sources */,
				84D940D22C724CD60054773B /* MainFeedViewController.swift in Sources */,
				84D940DA2C726E050054773B /* SignUpViewModel.swift in Sources */,
				84B1C4FB2C7502B70017585A /* Reactive+.swift in Sources */,
				84321E962C6E168D00BA7FD7 /* Router.swift in Sources */,
				84DFFB772C776A810014EAD3 /* DrawViewController.swift in Sources */,
				841D75DA2C7F120200159EA1 /* SketchQuizViewController.swift in Sources */,
				84FD0F732C7DC4E100EFA4E1 /* PostInfoLabel.swift in Sources */,
				84D940B52C71D1F10054773B /* BaseView.swift in Sources */,
				84DFFB7B2C786C9C0014EAD3 /* DrawViewModel.swift in Sources */,
				841D75EA2C80674C00159EA1 /* UICollectionViewLayout+.swift in Sources */,
				84B1C4C42C7360550017585A /* MainFeedCollectionViewCell.swift in Sources */,
				84D940C92C71D96F0054773B /* ConfirmButton.swift in Sources */,
				84321E642C6DEEE000BA7FD7 /* SceneDelegate.swift in Sources */,
				84B1C4D12C73698C0017585A /* ProfileViewController.swift in Sources */,
				84D940C12C71D2500054773B /* Constants + Phrase.swift in Sources */,
				84B1C4C72C73650C0017585A /* CatchSketchTabBarController.swift in Sources */,
				84D940CC2C71DD490054773B /* BaseViewModel.swift in Sources */,
				84B1C4D32C7369BA0017585A /* ProfileView.swift in Sources */,
				84321E982C6E16C000BA7FD7 /* TargetType.swift in Sources */,
			);
			runOnlyForDeploymentPostprocessing = 0;
		};
/* End PBXSourcesBuildPhase section */

/* Begin PBXVariantGroup section */
		84321E6C2C6DEEE200BA7FD7 /* LaunchScreen.storyboard */ = {
			isa = PBXVariantGroup;
			children = (
				84321E6D2C6DEEE200BA7FD7 /* Base */,
			);
			name = LaunchScreen.storyboard;
			sourceTree = "<group>";
		};
/* End PBXVariantGroup section */

/* Begin XCBuildConfiguration section */
		84321E702C6DEEE200BA7FD7 /* Debug */ = {
			isa = XCBuildConfiguration;
			baseConfigurationReference = 84321E792C6DF08C00BA7FD7 /* Configuration.xcconfig */;
			buildSettings = {
				ALWAYS_SEARCH_USER_PATHS = NO;
				ASSETCATALOG_COMPILER_GENERATE_SWIFT_ASSET_SYMBOL_EXTENSIONS = YES;
				CLANG_ANALYZER_NONNULL = YES;
				CLANG_ANALYZER_NUMBER_OBJECT_CONVERSION = YES_AGGRESSIVE;
				CLANG_CXX_LANGUAGE_STANDARD = "gnu++20";
				CLANG_ENABLE_MODULES = YES;
				CLANG_ENABLE_OBJC_ARC = YES;
				CLANG_ENABLE_OBJC_WEAK = YES;
				CLANG_WARN_BLOCK_CAPTURE_AUTORELEASING = YES;
				CLANG_WARN_BOOL_CONVERSION = YES;
				CLANG_WARN_COMMA = YES;
				CLANG_WARN_CONSTANT_CONVERSION = YES;
				CLANG_WARN_DEPRECATED_OBJC_IMPLEMENTATIONS = YES;
				CLANG_WARN_DIRECT_OBJC_ISA_USAGE = YES_ERROR;
				CLANG_WARN_DOCUMENTATION_COMMENTS = YES;
				CLANG_WARN_EMPTY_BODY = YES;
				CLANG_WARN_ENUM_CONVERSION = YES;
				CLANG_WARN_INFINITE_RECURSION = YES;
				CLANG_WARN_INT_CONVERSION = YES;
				CLANG_WARN_NON_LITERAL_NULL_CONVERSION = YES;
				CLANG_WARN_OBJC_IMPLICIT_RETAIN_SELF = YES;
				CLANG_WARN_OBJC_LITERAL_CONVERSION = YES;
				CLANG_WARN_OBJC_ROOT_CLASS = YES_ERROR;
				CLANG_WARN_QUOTED_INCLUDE_IN_FRAMEWORK_HEADER = YES;
				CLANG_WARN_RANGE_LOOP_ANALYSIS = YES;
				CLANG_WARN_STRICT_PROTOTYPES = YES;
				CLANG_WARN_SUSPICIOUS_MOVE = YES;
				CLANG_WARN_UNGUARDED_AVAILABILITY = YES_AGGRESSIVE;
				CLANG_WARN_UNREACHABLE_CODE = YES;
				CLANG_WARN__DUPLICATE_METHOD_MATCH = YES;
				COPY_PHASE_STRIP = NO;
				DEBUG_INFORMATION_FORMAT = dwarf;
				ENABLE_STRICT_OBJC_MSGSEND = YES;
				ENABLE_TESTABILITY = YES;
				ENABLE_USER_SCRIPT_SANDBOXING = YES;
				GCC_C_LANGUAGE_STANDARD = gnu17;
				GCC_DYNAMIC_NO_PIC = NO;
				GCC_NO_COMMON_BLOCKS = YES;
				GCC_OPTIMIZATION_LEVEL = 0;
				GCC_PREPROCESSOR_DEFINITIONS = (
					"DEBUG=1",
					"$(inherited)",
				);
				GCC_WARN_64_TO_32_BIT_CONVERSION = YES;
				GCC_WARN_ABOUT_RETURN_TYPE = YES_ERROR;
				GCC_WARN_UNDECLARED_SELECTOR = YES;
				GCC_WARN_UNINITIALIZED_AUTOS = YES_AGGRESSIVE;
				GCC_WARN_UNUSED_FUNCTION = YES;
				GCC_WARN_UNUSED_VARIABLE = YES;
				IPHONEOS_DEPLOYMENT_TARGET = 16.0;
				LOCALIZATION_PREFERS_STRING_CATALOGS = YES;
				MTL_ENABLE_DEBUG_INFO = INCLUDE_SOURCE;
				MTL_FAST_MATH = YES;
				ONLY_ACTIVE_ARCH = YES;
				SDKROOT = iphoneos;
				SWIFT_ACTIVE_COMPILATION_CONDITIONS = "DEBUG $(inherited)";
				SWIFT_OPTIMIZATION_LEVEL = "-Onone";
			};
			name = Debug;
		};
		84321E712C6DEEE200BA7FD7 /* Release */ = {
			isa = XCBuildConfiguration;
			baseConfigurationReference = 84321E792C6DF08C00BA7FD7 /* Configuration.xcconfig */;
			buildSettings = {
				ALWAYS_SEARCH_USER_PATHS = NO;
				ASSETCATALOG_COMPILER_GENERATE_SWIFT_ASSET_SYMBOL_EXTENSIONS = YES;
				CLANG_ANALYZER_NONNULL = YES;
				CLANG_ANALYZER_NUMBER_OBJECT_CONVERSION = YES_AGGRESSIVE;
				CLANG_CXX_LANGUAGE_STANDARD = "gnu++20";
				CLANG_ENABLE_MODULES = YES;
				CLANG_ENABLE_OBJC_ARC = YES;
				CLANG_ENABLE_OBJC_WEAK = YES;
				CLANG_WARN_BLOCK_CAPTURE_AUTORELEASING = YES;
				CLANG_WARN_BOOL_CONVERSION = YES;
				CLANG_WARN_COMMA = YES;
				CLANG_WARN_CONSTANT_CONVERSION = YES;
				CLANG_WARN_DEPRECATED_OBJC_IMPLEMENTATIONS = YES;
				CLANG_WARN_DIRECT_OBJC_ISA_USAGE = YES_ERROR;
				CLANG_WARN_DOCUMENTATION_COMMENTS = YES;
				CLANG_WARN_EMPTY_BODY = YES;
				CLANG_WARN_ENUM_CONVERSION = YES;
				CLANG_WARN_INFINITE_RECURSION = YES;
				CLANG_WARN_INT_CONVERSION = YES;
				CLANG_WARN_NON_LITERAL_NULL_CONVERSION = YES;
				CLANG_WARN_OBJC_IMPLICIT_RETAIN_SELF = YES;
				CLANG_WARN_OBJC_LITERAL_CONVERSION = YES;
				CLANG_WARN_OBJC_ROOT_CLASS = YES_ERROR;
				CLANG_WARN_QUOTED_INCLUDE_IN_FRAMEWORK_HEADER = YES;
				CLANG_WARN_RANGE_LOOP_ANALYSIS = YES;
				CLANG_WARN_STRICT_PROTOTYPES = YES;
				CLANG_WARN_SUSPICIOUS_MOVE = YES;
				CLANG_WARN_UNGUARDED_AVAILABILITY = YES_AGGRESSIVE;
				CLANG_WARN_UNREACHABLE_CODE = YES;
				CLANG_WARN__DUPLICATE_METHOD_MATCH = YES;
				COPY_PHASE_STRIP = NO;
				DEBUG_INFORMATION_FORMAT = "dwarf-with-dsym";
				ENABLE_NS_ASSERTIONS = NO;
				ENABLE_STRICT_OBJC_MSGSEND = YES;
				ENABLE_USER_SCRIPT_SANDBOXING = YES;
				GCC_C_LANGUAGE_STANDARD = gnu17;
				GCC_NO_COMMON_BLOCKS = YES;
				GCC_WARN_64_TO_32_BIT_CONVERSION = YES;
				GCC_WARN_ABOUT_RETURN_TYPE = YES_ERROR;
				GCC_WARN_UNDECLARED_SELECTOR = YES;
				GCC_WARN_UNINITIALIZED_AUTOS = YES_AGGRESSIVE;
				GCC_WARN_UNUSED_FUNCTION = YES;
				GCC_WARN_UNUSED_VARIABLE = YES;
				IPHONEOS_DEPLOYMENT_TARGET = 16.0;
				LOCALIZATION_PREFERS_STRING_CATALOGS = YES;
				MTL_ENABLE_DEBUG_INFO = NO;
				MTL_FAST_MATH = YES;
				SDKROOT = iphoneos;
				SWIFT_COMPILATION_MODE = wholemodule;
				VALIDATE_PRODUCT = YES;
			};
			name = Release;
		};
		84321E732C6DEEE200BA7FD7 /* Debug */ = {
			isa = XCBuildConfiguration;
			baseConfigurationReference = 84321E792C6DF08C00BA7FD7 /* Configuration.xcconfig */;
			buildSettings = {
				ASSETCATALOG_COMPILER_APPICON_NAME = AppIcon;
				ASSETCATALOG_COMPILER_GLOBAL_ACCENT_COLOR_NAME = AccentColor;
				CODE_SIGN_STYLE = Automatic;
				CURRENT_PROJECT_VERSION = 1;
				DEVELOPMENT_TEAM = DB9LFYULKZ;
				GENERATE_INFOPLIST_FILE = YES;
				INFOPLIST_FILE = CatchSketch/Info.plist;
				INFOPLIST_KEY_UIApplicationSupportsIndirectInputEvents = YES;
				INFOPLIST_KEY_UILaunchStoryboardName = LaunchScreen;
				INFOPLIST_KEY_UISupportedInterfaceOrientations = UIInterfaceOrientationPortrait;
				INFOPLIST_KEY_UISupportedInterfaceOrientations_iPad = UIInterfaceOrientationPortrait;
				IPHONEOS_DEPLOYMENT_TARGET = 16.0;
				LD_RUNPATH_SEARCH_PATHS = (
					"$(inherited)",
					"@executable_path/Frameworks",
				);
				MARKETING_VERSION = 1.0;
				PRODUCT_BUNDLE_IDENTIFIER = yoruck2.CatchSketch;
				PRODUCT_NAME = "$(TARGET_NAME)";
				SUPPORTED_PLATFORMS = "iphoneos iphonesimulator";
				SUPPORTS_MACCATALYST = NO;
				SUPPORTS_MAC_DESIGNED_FOR_IPHONE_IPAD = NO;
				SUPPORTS_XR_DESIGNED_FOR_IPHONE_IPAD = NO;
				SWIFT_EMIT_LOC_STRINGS = YES;
				SWIFT_VERSION = 5.0;
				TARGETED_DEVICE_FAMILY = 1;
			};
			name = Debug;
		};
		84321E742C6DEEE200BA7FD7 /* Release */ = {
			isa = XCBuildConfiguration;
			baseConfigurationReference = 84321E792C6DF08C00BA7FD7 /* Configuration.xcconfig */;
			buildSettings = {
				ASSETCATALOG_COMPILER_APPICON_NAME = AppIcon;
				ASSETCATALOG_COMPILER_GLOBAL_ACCENT_COLOR_NAME = AccentColor;
				CODE_SIGN_STYLE = Automatic;
				CURRENT_PROJECT_VERSION = 1;
				DEVELOPMENT_TEAM = DB9LFYULKZ;
				GENERATE_INFOPLIST_FILE = YES;
				INFOPLIST_FILE = CatchSketch/Info.plist;
				INFOPLIST_KEY_UIApplicationSupportsIndirectInputEvents = YES;
				INFOPLIST_KEY_UILaunchStoryboardName = LaunchScreen;
				INFOPLIST_KEY_UISupportedInterfaceOrientations = UIInterfaceOrientationPortrait;
				INFOPLIST_KEY_UISupportedInterfaceOrientations_iPad = UIInterfaceOrientationPortrait;
				IPHONEOS_DEPLOYMENT_TARGET = 16.0;
				LD_RUNPATH_SEARCH_PATHS = (
					"$(inherited)",
					"@executable_path/Frameworks",
				);
				MARKETING_VERSION = 1.0;
				PRODUCT_BUNDLE_IDENTIFIER = yoruck2.CatchSketch;
				PRODUCT_NAME = "$(TARGET_NAME)";
				SUPPORTED_PLATFORMS = "iphoneos iphonesimulator";
				SUPPORTS_MACCATALYST = NO;
				SUPPORTS_MAC_DESIGNED_FOR_IPHONE_IPAD = NO;
				SUPPORTS_XR_DESIGNED_FOR_IPHONE_IPAD = NO;
				SWIFT_EMIT_LOC_STRINGS = YES;
				SWIFT_VERSION = 5.0;
				TARGETED_DEVICE_FAMILY = 1;
			};
			name = Release;
		};
/* End XCBuildConfiguration section */

/* Begin XCConfigurationList section */
		84321E592C6DEEE000BA7FD7 /* Build configuration list for PBXProject "CatchSketch" */ = {
			isa = XCConfigurationList;
			buildConfigurations = (
				84321E702C6DEEE200BA7FD7 /* Debug */,
				84321E712C6DEEE200BA7FD7 /* Release */,
			);
			defaultConfigurationIsVisible = 0;
			defaultConfigurationName = Release;
		};
		84321E722C6DEEE200BA7FD7 /* Build configuration list for PBXNativeTarget "CatchSketch" */ = {
			isa = XCConfigurationList;
			buildConfigurations = (
				84321E732C6DEEE200BA7FD7 /* Debug */,
				84321E742C6DEEE200BA7FD7 /* Release */,
			);
			defaultConfigurationIsVisible = 0;
			defaultConfigurationName = Release;
		};
/* End XCConfigurationList section */

/* Begin XCRemoteSwiftPackageReference section */
		84321E812C6E118600BA7FD7 /* XCRemoteSwiftPackageReference "Alamofire" */ = {
			isa = XCRemoteSwiftPackageReference;
			repositoryURL = "https://github.com/Alamofire/Alamofire";
			requirement = {
				kind = upToNextMajorVersion;
				minimumVersion = 5.9.1;
			};
		};
		84321E842C6E119A00BA7FD7 /* XCRemoteSwiftPackageReference "IQKeyboardManager" */ = {
			isa = XCRemoteSwiftPackageReference;
			repositoryURL = "https://github.com/hackiftekhar/IQKeyboardManager";
			requirement = {
				kind = upToNextMajorVersion;
				minimumVersion = 7.1.1;
			};
		};
		84321E872C6E11A300BA7FD7 /* XCRemoteSwiftPackageReference "SnapKit" */ = {
			isa = XCRemoteSwiftPackageReference;
			repositoryURL = "https://github.com/SnapKit/SnapKit";
			requirement = {
				kind = upToNextMajorVersion;
				minimumVersion = 5.7.1;
			};
		};
		84321E8A2C6E11AD00BA7FD7 /* XCRemoteSwiftPackageReference "Then" */ = {
			isa = XCRemoteSwiftPackageReference;
			repositoryURL = "https://github.com/devxoul/Then";
			requirement = {
				kind = upToNextMajorVersion;
				minimumVersion = 3.0.0;
			};
		};
		84321E8D2C6E11EC00BA7FD7 /* XCRemoteSwiftPackageReference "RxSwift" */ = {
			isa = XCRemoteSwiftPackageReference;
			repositoryURL = "https://github.com/ReactiveX/RxSwift";
			requirement = {
				kind = upToNextMajorVersion;
				minimumVersion = 6.7.1;
			};
		};
		84321E922C6E122D00BA7FD7 /* XCRemoteSwiftPackageReference "Toast-Swift" */ = {
			isa = XCRemoteSwiftPackageReference;
			repositoryURL = "https://github.com/scalessec/Toast-Swift";
			requirement = {
				kind = upToNextMajorVersion;
				minimumVersion = 5.1.1;
			};
		};
		84FD0F742C7DED8100EFA4E1 /* XCRemoteSwiftPackageReference "Kingfisher" */ = {
			isa = XCRemoteSwiftPackageReference;
			repositoryURL = "https://github.com/onevcat/Kingfisher";
			requirement = {
				kind = upToNextMajorVersion;
				minimumVersion = 7.12.0;
			};
		};
/* End XCRemoteSwiftPackageReference section */

/* Begin XCSwiftPackageProductDependency section */
		84321E822C6E118600BA7FD7 /* Alamofire */ = {
			isa = XCSwiftPackageProductDependency;
			package = 84321E812C6E118600BA7FD7 /* XCRemoteSwiftPackageReference "Alamofire" */;
			productName = Alamofire;
		};
		84321E852C6E119A00BA7FD7 /* IQKeyboardManagerSwift */ = {
			isa = XCSwiftPackageProductDependency;
			package = 84321E842C6E119A00BA7FD7 /* XCRemoteSwiftPackageReference "IQKeyboardManager" */;
			productName = IQKeyboardManagerSwift;
		};
		84321E882C6E11A300BA7FD7 /* SnapKit */ = {
			isa = XCSwiftPackageProductDependency;
			package = 84321E872C6E11A300BA7FD7 /* XCRemoteSwiftPackageReference "SnapKit" */;
			productName = SnapKit;
		};
		84321E8B2C6E11AD00BA7FD7 /* Then */ = {
			isa = XCSwiftPackageProductDependency;
			package = 84321E8A2C6E11AD00BA7FD7 /* XCRemoteSwiftPackageReference "Then" */;
			productName = Then;
		};
		84321E8E2C6E11EC00BA7FD7 /* RxCocoa */ = {
			isa = XCSwiftPackageProductDependency;
			package = 84321E8D2C6E11EC00BA7FD7 /* XCRemoteSwiftPackageReference "RxSwift" */;
			productName = RxCocoa;
		};
		84321E902C6E11EC00BA7FD7 /* RxSwift */ = {
			isa = XCSwiftPackageProductDependency;
			package = 84321E8D2C6E11EC00BA7FD7 /* XCRemoteSwiftPackageReference "RxSwift" */;
			productName = RxSwift;
		};
		84321E932C6E122D00BA7FD7 /* Toast */ = {
			isa = XCSwiftPackageProductDependency;
			package = 84321E922C6E122D00BA7FD7 /* XCRemoteSwiftPackageReference "Toast-Swift" */;
			productName = Toast;
		};
		84FD0F752C7DED8100EFA4E1 /* Kingfisher */ = {
			isa = XCSwiftPackageProductDependency;
			package = 84FD0F742C7DED8100EFA4E1 /* XCRemoteSwiftPackageReference "Kingfisher" */;
			productName = Kingfisher;
		};
/* End XCSwiftPackageProductDependency section */
	};
	rootObject = 84321E562C6DEEE000BA7FD7 /* Project object */;
}
